
Microsoft Visual Studio Solution File, Format Version 12.00
# Visual Studio 15
VisualStudioVersion = 15.0.27703.2018
MinimumVisualStudioVersion = 10.0.40219.1
Project("{FAE04EC0-301F-11D3-BF4B-00C04F79EFBC}") = "Crc", "Crc\Crc.csproj", "{6036F9AC-D355-4D45-A3B9-CA860654F917}"
EndProject
Project("{FAE04EC0-301F-11D3-BF4B-00C04F79EFBC}") = "Crc.Demo", "Crc.Demo\Crc.Demo.csproj", "{D256E474-D6B5-450A-87B3-B4C3C43DDA7A}"
EndProject
Global
	GlobalSection(SolutionConfigurationPlatforms) = preSolution
		Debug|Any CPU = Debug|Any CPU
		Release|Any CPU = Release|Any CPU
	EndGlobalSection
	GlobalSection(ProjectConfigurationPlatforms) = postSolution
		{6036F9AC-D355-4D45-A3B9-CA860654F917}.Debug|Any CPU.ActiveCfg = Debug|Any CPU
		{6036F9AC-D355-4D45-A3B9-CA860654F917}.Debug|Any CPU.Build.0 = Debug|Any CPU
		{6036F9AC-D355-4D45-A3B9-CA860654F917}.Release|Any CPU.ActiveCfg = Release|Any CPU
		{6036F9AC-D355-4D45-A3B9-CA860654F917}.Release|Any CPU.Build.0 = Release|Any CPU
		{D256E474-D6B5-450A-87B3-B4C3C43DDA7A}.Debug|Any CPU.ActiveCfg = Debug|Any CPU
		{D256E474-D6B5-450A-87B3-B4C3C43DDA7A}.Debug|Any CPU.Build.0 = Debug|Any CPU
		{D256E474-D6B5-450A-87B3-B4C3C43DDA7A}.Release|Any CPU.ActiveCfg = Release|Any CPU
		{D256E474-D6B5-450A-87B3-B4C3C43DDA7A}.Release|Any CPU.Build.0 = Release|Any CPU
	EndGlobalSection
	GlobalSection(SolutionProperties) = preSolution
		HideSolutionNode = FALSE
	EndGlobalSection
	GlobalSection(ExtensibilityGlobals) = postSolution
		SolutionGuid = {29760B77-6682-49D1-A8DF-923D63DD0899}
	EndGlobalSection
EndGlobal
